
Microsoft Visual Studio Solution File, Format Version 12.00
# Visual Studio Version 16
VisualStudioVersion = 16.0.31410.357
MinimumVisualStudioVersion = 10.0.40219.1
Project("{FAE04EC0-301F-11D3-BF4B-00C04F79EFBC}") = "WpfApp1", "WpfApp1\WpfApp1.csproj", "{B03259B1-448F-4ECD-BBFD-D1799358465F}"
EndProject
Global
	GlobalSection(SolutionConfigurationPlatforms) = preSolution
		Debug|Any CPU = Debug|Any CPU
		Release|Any CPU = Release|Any CPU
	EndGlobalSection
	GlobalSection(ProjectConfigurationPlatforms) = postSolution
		{B03259B1-448F-4ECD-BBFD-D1799358465F}.Debug|Any CPU.ActiveCfg = Debug|Any CPU
		{B03259B1-448F-4ECD-BBFD-D1799358465F}.Debug|Any CPU.Build.0 = Debug|Any CPU
		{B03259B1-448F-4ECD-BBFD-D1799358465F}.Release|Any CPU.ActiveCfg = Release|Any CPU
		{B03259B1-448F-4ECD-BBFD-D1799358465F}.Release|Any CPU.Build.0 = Release|Any CPU
	EndGlobalSection
	GlobalSection(SolutionProperties) = preSolution
		HideSolutionNode = FALSE
	EndGlobalSection
	GlobalSection(ExtensibilityGlobals) = postSolution
		SolutionGuid = {8E9E17C6-23E4-44DF-A521-1CD6EC08492C}
	EndGlobalSection
EndGlobal
